{
  "name": "color-check-file",
  "version": "1.0.0",
  "lockfileVersion": 3,
  "requires": true,
  "packages": {
    "": {
      "name": "color-check-file",
      "version": "1.0.0",
      "license": "ISC",
      "dependencies": {
        "color-contrast-checker": "^2.1.0"
      }
    },
    "node_modules/color-contrast-checker": {
      "version": "2.1.0",
      "resolved": "https://registry.npmjs.org/color-contrast-checker/-/color-contrast-checker-2.1.0.tgz",
      "integrity": "sha512-6Y0aIEej3pwZTVlicIqVzhO6T4izDWouaIXnYoDdTuFFAMQ9nnN0dgHNP9J94jRnH6asjPq1/wzUKxwoNbWtRQ=="
    }
  }
}
